lockfileVersion: 5.4

specifiers:
  '@types/node': ^18.13.0
  pnpm: ^7.27.0

dependencies:
  pnpm: 7.27.0

devDependencies:
  '@types/node': 18.13.0

packages:

  /@types/node/18.13.0:
    resolution: {integrity: sha512-gC3TazRzGoOnoKAhUx+Q0t8S9Tzs74z7m0ipwGpSqQrleP14hKxP4/JUeEQcD3W1/aIpnWl8pHowI7WokuZpXg==}
    dev: true

  /pnpm/7.27.0:
    resolution: {integrity: sha512-nvxGrxgu3oYyw7zg7DdotEnqp9r/c0/iLZHr6QewJPEkVFGSPdsxrm0HFKBkOqwCInoutFzz/mtGx+pbYV8UCw==}
    engines: {node: '>=14.6'}
    hasBin: true
    dev: false
